
Microsoft Visual Studio Solution File, Format Version 12.00
# Visual Studio Version 17
VisualStudioVersion = 17.0.31912.275
MinimumVisualStudioVersion = 10.0.40219.1
Project("{FAE04EC0-301F-11D3-BF4B-00C04F79EFBC}") = "40k9eRoller.Server", "40k9eRoller\Server\40k9eRoller.Server.csproj", "{A372740B-DC98-4DF2-B52A-46824B43BF4C}"
EndProject
Project("{FAE04EC0-301F-11D3-BF4B-00C04F79EFBC}") = "40k9eRoller.Client", "40k9eRoller\Client\40k9eRoller.Client.csproj", "{901DA522-5633-4CC3-AD12-10F7136D6501}"
EndProject
Project("{FAE04EC0-301F-11D3-BF4B-00C04F79EFBC}") = "40k9eRoller.Shared", "40k9eRoller\Shared\40k9eRoller.Shared.csproj", "{ED49DEDE-60AB-4E35-8BFF-B73A00D31515}"
EndProject
Global
	GlobalSection(SolutionConfigurationPlatforms) = preSolution
		Debug|Any CPU = Debug|Any CPU
		Release|Any CPU = Release|Any CPU
	EndGlobalSection
	GlobalSection(ProjectConfigurationPlatforms) = postSolution
		{A372740B-DC98-4DF2-B52A-46824B43BF4C}.Debug|Any CPU.ActiveCfg = Debug|Any CPU
		{A372740B-DC98-4DF2-B52A-46824B43BF4C}.Debug|Any CPU.Build.0 = Debug|Any CPU
		{A372740B-DC98-4DF2-B52A-46824B43BF4C}.Release|Any CPU.ActiveCfg = Release|Any CPU
		{A372740B-DC98-4DF2-B52A-46824B43BF4C}.Release|Any CPU.Build.0 = Release|Any CPU
		{901DA522-5633-4CC3-AD12-10F7136D6501}.Debug|Any CPU.ActiveCfg = Debug|Any CPU
		{901DA522-5633-4CC3-AD12-10F7136D6501}.Debug|Any CPU.Build.0 = Debug|Any CPU
		{901DA522-5633-4CC3-AD12-10F7136D6501}.Release|Any CPU.ActiveCfg = Release|Any CPU
		{901DA522-5633-4CC3-AD12-10F7136D6501}.Release|Any CPU.Build.0 = Release|Any CPU
		{ED49DEDE-60AB-4E35-8BFF-B73A00D31515}.Debug|Any CPU.ActiveCfg = Debug|Any CPU
		{ED49DEDE-60AB-4E35-8BFF-B73A00D31515}.Debug|Any CPU.Build.0 = Debug|Any CPU
		{ED49DEDE-60AB-4E35-8BFF-B73A00D31515}.Release|Any CPU.ActiveCfg = Release|Any CPU
		{ED49DEDE-60AB-4E35-8BFF-B73A00D31515}.Release|Any CPU.Build.0 = Release|Any CPU
	EndGlobalSection
	GlobalSection(SolutionProperties) = preSolution
		HideSolutionNode = FALSE
	EndGlobalSection
	GlobalSection(ExtensibilityGlobals) = postSolution
		SolutionGuid = {068CB9CA-F2DE-43A2-B3AB-671E2E4BAD08}
	EndGlobalSection
EndGlobal
